# This is a Gradle generated file for dependency locking.
# Manual edits can break the build and are not advised.
# This file is expected to be part of source control.
empty=androidHostTestImplementationDependenciesMetadata,androidMainImplementationDependenciesMetadata,androidTestUtil,appleMainImplementationDependenciesMetadata,appleTestImplementationDependenciesMetadata,commonMainImplementationDependenciesMetadata,commonTestImplementationDependenciesMetadata,coreLibraryDesugaring,desktopDevAnnotationProcessor,desktopDevImplementationDependenciesMetadata,desktopMainAnnotationProcessor,desktopMainImplementationDependenciesMetadata,desktopTestAnnotationProcessor,desktopTestImplementationDependenciesMetadata,devKotlinScriptDefExtensions,hostTestKotlinScriptDefExtensions,iosArm64MainImplementationDependenciesMetadata,iosArm64TestImplementationDependenciesMetadata,iosMainImplementationDependenciesMetadata,iosSimulatorArm64MainImplementationDependenciesMetadata,iosSimulatorArm64TestImplementationDependenciesMetadata,iosTestImplementationDependenciesMetadata,kotlinCompilerPluginClasspath,kotlinNativeCompilerPluginClasspath,kotlinScriptDefExtensions,lintChecks,lintPublish,nativeMainImplementationDependenciesMetadata,nativeTestImplementationDependenciesMetadata,resolvableIosArm64TestCompilationApi,resolvableIosSimulatorArm64TestCompilationApi,swiftPMDependenciesForLockFilesMetadataClasspath,testKotlinScriptDefExtensions
